<?xml version="1.0" encoding="utf-8"?>
<Project ToolsVersion="4.0" xmlns="http://schemas.microsoft.com/developer/msbuild/2003">
  <ItemGroup>
    <Filter Include="소스 파일">
      <UniqueIdentifier>{4FC737F1-C7A5-4376-A066-2A32D752A2FF}</UniqueIdentifier>
      <Extensions>cpp;c;cc;cxx;c++;cppm;ixx;def;odl;idl;hpj;bat;asm;asmx</Extensions>
    </Filter>
    <Filter Include="헤더 파일">
      <UniqueIdentifier>{93995380-89BD-4b04-88EB-625FBE52EBFB}</UniqueIdentifier>
      <Extensions>h;hh;hpp;hxx;h++;hm;inl;inc;ipp;xsd</Extensions>
    </Filter>
    <Filter Include="리소스 파일">
      <UniqueIdentifier>{67DA6AB6-F800-4c08-8B7A-83BB121AAD01}</UniqueIdentifier>
      <Extensions>rc;ico;cur;bmp;dlg;rc2;rct;bin;rgs;gif;jpg;jpeg;jpe;resx;tiff;tif;png;wav;mfcribbon-ms</Extensions>
    </Filter>
  </ItemGroup>
  <ItemGroup>
    <ClCompile Include="main.cpp">
      <Filter>소스 파일</Filter>
    </ClCompile>
    <ClCompile Include="bool.cpp">
      <Filter>소스 파일</Filter>
    </ClCompile>
    <ClCompile Include="tagtype.cpp">
      <Filter>소스 파일</Filter>
    </ClCompile>
    <ClCompile Include="newarray.cpp">
      <Filter>소스 파일</Filter>
    </ClCompile>
    <ClCompile Include="cinout.cpp">
      <Filter>소스 파일</Filter>
    </ClCompile>
    <ClCompile Include="ref1.cpp">
      <Filter>소스 파일</Filter>
    </ClCompile>
    <ClCompile Include="refptr.cpp">
      <Filter>소스 파일</Filter>
    </ClCompile>
    <ClCompile Include="defpara.cpp">
      <Filter>소스 파일</Filter>
    </ClCompile>
    <ClCompile Include="Overload.cpp">
      <Filter>소스 파일</Filter>
    </ClCompile>
    <ClCompile Include="pitness.cpp">
      <Filter>소스 파일</Filter>
    </ClCompile>
    <ClCompile Include="sort.cpp">
      <Filter>소스 파일</Filter>
    </ClCompile>
    <ClCompile Include="ConstructOverload.cpp">
      <Filter>소스 파일</Filter>
    </ClCompile>
    <ClCompile Include="test.cpp">
      <Filter>소스 파일</Filter>
    </ClCompile>
    <ClCompile Include="ptroverload.cpp">
      <Filter>소스 파일</Filter>
    </ClCompile>
    <ClCompile Include="randfunc.cpp">
      <Filter>소스 파일</Filter>
    </ClCompile>
    <ClCompile Include="HumanStruct.cpp">
      <Filter>소스 파일</Filter>
    </ClCompile>
    <ClCompile Include="access.cpp">
      <Filter>소스 파일</Filter>
    </ClCompile>
    <ClCompile Include="HumanType.cpp">
      <Filter>소스 파일</Filter>
    </ClCompile>
    <ClCompile Include="Time.cpp">
      <Filter>소스 파일</Filter>
    </ClCompile>
    <ClCompile Include="Construct.cpp">
      <Filter>소스 파일</Filter>
    </ClCompile>
    <ClCompile Include="Destructor.cpp">
      <Filter>소스 파일</Filter>
    </ClCompile>
    <ClCompile Include="newHuman.cpp">
      <Filter>소스 파일</Filter>
    </ClCompile>
    <ClCompile Include="DefConstructor.cpp">
      <Filter>소스 파일</Filter>
    </ClCompile>
    <ClCompile Include="NoDefCon.cpp">
      <Filter>소스 파일</Filter>
    </ClCompile>
    <ClCompile Include="TimeCopy.cpp">
      <Filter>소스 파일</Filter>
    </ClCompile>
    <ClCompile Include="HumanCopy.cpp">
      <Filter>소스 파일</Filter>
    </ClCompile>
    <ClCompile Include="CopyConstructor.cpp">
      <Filter>소스 파일</Filter>
    </ClCompile>
    <ClCompile Include="check.cpp">
      <Filter>소스 파일</Filter>
    </ClCompile>
    <ClCompile Include="InitConstMember.cpp">
      <Filter>소스 파일</Filter>
    </ClCompile>
    <ClCompile Include="InitRefMemberr.cpp">
      <Filter>소스 파일</Filter>
    </ClCompile>
    <ClCompile Include="Int2Time.cpp">
      <Filter>소스 파일</Filter>
    </ClCompile>
    <ClCompile Include="double2Time.cpp">
      <Filter>소스 파일</Filter>
    </ClCompile>
    <ClCompile Include="ConvertClass.cpp">
      <Filter>소스 파일</Filter>
    </ClCompile>
    <ClCompile Include="InfoHide.cpp">
      <Filter>소스 파일</Filter>
    </ClCompile>
    <ClCompile Include="CarClass.cpp">
      <Filter>소스 파일</Filter>
    </ClCompile>
    <ClCompile Include="selftest132.cpp">
      <Filter>소스 파일</Filter>
    </ClCompile>
    <ClCompile Include="FriendFunc.cpp">
      <Filter>소스 파일</Filter>
    </ClCompile>
    <ClCompile Include="FriendClass.cpp">
      <Filter>소스 파일</Filter>
    </ClCompile>
    <ClCompile Include="FriendMember.cpp">
      <Filter>소스 파일</Filter>
    </ClCompile>
  </ItemGroup>
  <ItemGroup>
    <ClInclude Include="C:\Users\PKNU\Desktop\CStudy180314\cursor.h">
      <Filter>헤더 파일</Filter>
    </ClInclude>
  </ItemGroup>
</Project>